
Microsoft Visual Studio Solution File, Format Version 12.00
# Visual Studio Version 17
VisualStudioVersion = 17.12.35506.116 d17.12
MinimumVisualStudioVersion = 10.0.40219.1
Project("{FAE04EC0-301F-11D3-BF4B-00C04F79EFBC}") = "AutomateTestAPI", "AutomateTestAPI\AutomateTestAPI.csproj", "{CAE15FB4-F560-49F2-94F9-6B408C0ECDCA}"
EndProject
Global
	GlobalSection(SolutionConfigurationPlatforms) = preSolution
		Debug|Any CPU = Debug|Any CPU
		Release|Any CPU = Release|Any CPU
	EndGlobalSection
	GlobalSection(ProjectConfigurationPlatforms) = postSolution
		{CAE15FB4-F560-49F2-94F9-6B408C0ECDCA}.Debug|Any CPU.ActiveCfg = Debug|Any CPU
		{CAE15FB4-F560-49F2-94F9-6B408C0ECDCA}.Debug|Any CPU.Build.0 = Debug|Any CPU
		{CAE15FB4-F560-49F2-94F9-6B408C0ECDCA}.Release|Any CPU.ActiveCfg = Release|Any CPU
		{CAE15FB4-F560-49F2-94F9-6B408C0ECDCA}.Release|Any CPU.Build.0 = Release|Any CPU
	EndGlobalSection
	GlobalSection(SolutionProperties) = preSolution
		HideSolutionNode = FALSE
	EndGlobalSection
EndGlobal
